
Microsoft Visual Studio Solution File, Format Version 12.00
# Visual Studio 2013
VisualStudioVersion = 12.0.31101.0
MinimumVisualStudioVersion = 10.0.40219.1
Project("{FAE04EC0-301F-11D3-BF4B-00C04F79EFBC}") = "Bookkeeper", "Bookkeeper\Bookkeeper.csproj", "{84C21AB0-265B-48E7-B3D5-12E79DDCD920}"
EndProject
Project("{FAE04EC0-301F-11D3-BF4B-00C04F79EFBC}") = "TestBookkeeper", "TestBookkeeper\TestBookkeeper.csproj", "{20FF2D89-E70D-4B81-A881-A19D31525985}"
EndProject
Project("{2150E333-8FDC-42A3-9474-1A3956D46DE8}") = "Solution Items", "Solution Items", "{FAA908D0-ED45-4B89-AB00-C17A2623293E}"
	ProjectSection(SolutionItems) = preProject
		LICENSE.txt = LICENSE.txt
		README.markdown = README.markdown
	EndProjectSection
EndProject
Project("{2150E333-8FDC-42A3-9474-1A3956D46DE8}") = ".nuget", ".nuget", "{3935A3E5-839C-44E5-8CCC-BA9C2845C229}"
	ProjectSection(SolutionItems) = preProject
		.nuget\NuGet.Config = .nuget\NuGet.Config
		.nuget\NuGet.exe = .nuget\NuGet.exe
		.nuget\NuGet.targets = .nuget\NuGet.targets
	EndProjectSection
EndProject
Global
	GlobalSection(SolutionConfigurationPlatforms) = preSolution
		Debug|Any CPU = Debug|Any CPU
		Release|Any CPU = Release|Any CPU
	EndGlobalSection
	GlobalSection(ProjectConfigurationPlatforms) = postSolution
		{84C21AB0-265B-48E7-B3D5-12E79DDCD920}.Debug|Any CPU.ActiveCfg = Debug|Any CPU
		{84C21AB0-265B-48E7-B3D5-12E79DDCD920}.Debug|Any CPU.Build.0 = Debug|Any CPU
		{84C21AB0-265B-48E7-B3D5-12E79DDCD920}.Release|Any CPU.ActiveCfg = Release|Any CPU
		{84C21AB0-265B-48E7-B3D5-12E79DDCD920}.Release|Any CPU.Build.0 = Release|Any CPU
		{20FF2D89-E70D-4B81-A881-A19D31525985}.Debug|Any CPU.ActiveCfg = Debug|Any CPU
		{20FF2D89-E70D-4B81-A881-A19D31525985}.Debug|Any CPU.Build.0 = Debug|Any CPU
		{20FF2D89-E70D-4B81-A881-A19D31525985}.Release|Any CPU.ActiveCfg = Release|Any CPU
		{20FF2D89-E70D-4B81-A881-A19D31525985}.Release|Any CPU.Build.0 = Release|Any CPU
	EndGlobalSection
	GlobalSection(SolutionProperties) = preSolution
		HideSolutionNode = FALSE
	EndGlobalSection
EndGlobal
